
Microsoft Visual Studio Solution File, Format Version 12.00
# Visual Studio 15
VisualStudioVersion = 15.0.27428.2011
MinimumVisualStudioVersion = 10.0.40219.1
Project("{FAE04EC0-301F-11D3-BF4B-00C04F79EFBC}") = "動態新增元件", "動態新增元件\動態新增元件.csproj", "{30113ACC-F81C-47E1-9AA9-841830C8AF66}"
EndProject
Global
	GlobalSection(SolutionConfigurationPlatforms) = preSolution
		Debug|Any CPU = Debug|Any CPU
		Release|Any CPU = Release|Any CPU
	EndGlobalSection
	GlobalSection(ProjectConfigurationPlatforms) = postSolution
		{30113ACC-F81C-47E1-9AA9-841830C8AF66}.Debug|Any CPU.ActiveCfg = Debug|Any CPU
		{30113ACC-F81C-47E1-9AA9-841830C8AF66}.Debug|Any CPU.Build.0 = Debug|Any CPU
		{30113ACC-F81C-47E1-9AA9-841830C8AF66}.Release|Any CPU.ActiveCfg = Release|Any CPU
		{30113ACC-F81C-47E1-9AA9-841830C8AF66}.Release|Any CPU.Build.0 = Release|Any CPU
	EndGlobalSection
	GlobalSection(SolutionProperties) = preSolution
		HideSolutionNode = FALSE
	EndGlobalSection
	GlobalSection(ExtensibilityGlobals) = postSolution
		SolutionGuid = {F7BC001E-95ED-4B92-802C-5EE413558F1C}
	EndGlobalSection
EndGlobal
